
Microsoft Visual Studio Solution File, Format Version 12.00
# Visual Studio Version 17
VisualStudioVersion = 17.8.34227.203
MinimumVisualStudioVersion = 10.0.40219.1
Project("{2150E333-8FDC-42A3-9474-1A3956D46DE8}") = "Test", "Test", "{9CAE45F9-21CA-4791-8D55-E3EFF1D4BC67}"
EndProject
Project("{2150E333-8FDC-42A3-9474-1A3956D46DE8}") = "UI", "UI", "{7225C7C5-5628-446B-9AF5-97E7FE3356E3}"
EndProject
Project("{9A19103F-16F7-4668-BE54-9A1E7A4F7556}") = "Noxy.NET.Shared", "Noxy.NET.Shared\Noxy.NET.Shared.csproj", "{56969925-8231-458F-BD34-C48AA0003664}"
EndProject
Project("{FAE04EC0-301F-11D3-BF4B-00C04F79EFBC}") = "Noxy.NET.UI.Shared", "Noxy.NET.UI\Noxy.NET.UI.Shared\Noxy.NET.UI.Shared.csproj", "{60E73F92-1B59-401A-9B7C-0E04C9292035}"
EndProject
Project("{FAE04EC0-301F-11D3-BF4B-00C04F79EFBC}") = "Noxy.NET.UI.Calendar", "Noxy.NET.UI\Noxy.NET.UI.Calendar\Noxy.NET.UI.Calendar.csproj", "{01D58F18-44D9-497B-B05A-E581F00E515F}"
EndProject
Project("{FAE04EC0-301F-11D3-BF4B-00C04F79EFBC}") = "Noxy.NET.UI.Dialog", "Noxy.NET.UI\Noxy.NET.UI.Dialog\Noxy.NET.UI.Dialog.csproj", "{9CC788DE-6B7A-44C6-A9E4-A89EF6AF2829}"
EndProject
Project("{FAE04EC0-301F-11D3-BF4B-00C04F79EFBC}") = "Noxy.NET.UI.Elements", "Noxy.NET.UI\Noxy.NET.UI.Elements\Noxy.NET.UI.Elements.csproj", "{CDE7C536-5E38-4F2E-B071-5C85F14A0F5A}"
EndProject
Project("{FAE04EC0-301F-11D3-BF4B-00C04F79EFBC}") = "Noxy.NET.UI.Graph", "Noxy.NET.UI\Noxy.NET.UI.Graph\Noxy.NET.UI.Graph.csproj", "{AFED755A-8CC6-4052-B310-0D70BED32DCE}"
EndProject
Project("{FAE04EC0-301F-11D3-BF4B-00C04F79EFBC}") = "Noxy.NET.UI.Graphics", "Noxy.NET.UI\Noxy.NET.UI.Graphics\Noxy.NET.UI.Graphics.csproj", "{DBB3CCD6-435A-442D-ABC8-ACF657F66CC1}"
EndProject
Project("{FAE04EC0-301F-11D3-BF4B-00C04F79EFBC}") = "Noxy.NET.UI.Table", "Noxy.NET.UI\Noxy.NET.UI.Table\Noxy.NET.UI.Table.csproj", "{EA1AE08B-3F71-463F-8F97-9FE12C38ACE0}"
EndProject
Project("{FAE04EC0-301F-11D3-BF4B-00C04F79EFBC}") = "Noxy.NET.UI.WebForm", "Noxy.NET.UI\Noxy.NET.UI.WebForm\Noxy.NET.UI.WebForm.csproj", "{774C0759-369A-433D-BEFA-69B52B630481}"
EndProject
Project("{FAE04EC0-301F-11D3-BF4B-00C04F79EFBC}") = "Noxy.NET.UI.Wizard", "Noxy.NET.UI\Noxy.NET.UI.Wizard\Noxy.NET.UI.Wizard.csproj", "{55EF0154-5C27-4DD1-B296-696DD746A1CE}"
EndProject
Project("{FAE04EC0-301F-11D3-BF4B-00C04F79EFBC}") = "Test.UnitTest", "Noxy.NET.Test\Test.UnitTest\Test.UnitTest.csproj", "{9099B234-E666-471E-925D-11478E59F582}"
EndProject
Project("{2150E333-8FDC-42A3-9474-1A3956D46DE8}") = "EntityManagement", "EntityManagement", "{30B84005-EAB6-4149-9F8A-CB1D81F37228}"
EndProject
Project("{FAE04EC0-301F-11D3-BF4B-00C04F79EFBC}") = "Noxy.NET.EntityManagement.API", "Noxy.NET.EntityManagement\Noxy.NET.EntityManagemen.API\Noxy.NET.EntityManagement.API.csproj", "{E073A6BF-1764-7E82-80BA-21E34ADD7C35}"
EndProject
Project("{FAE04EC0-301F-11D3-BF4B-00C04F79EFBC}") = "Noxy.NET.EntityManagement.Application", "Noxy.NET.EntityManagement\Noxy.NET.EntityManagement.Application\Noxy.NET.EntityManagement.Application.csproj", "{315C977C-E398-C677-7878-8D682F8AC186}"
EndProject
Project("{FAE04EC0-301F-11D3-BF4B-00C04F79EFBC}") = "Noxy.NET.EntityManagement.Database", "Noxy.NET.EntityManagement\Noxy.NET.EntityManagement.Database\Noxy.NET.EntityManagement.Database.csproj", "{52000860-2769-FC82-19F9-CBBA375564AF}"
EndProject
Project("{FAE04EC0-301F-11D3-BF4B-00C04F79EFBC}") = "Noxy.NET.EntityManagement.Domain", "Noxy.NET.EntityManagement\Noxy.NET.EntityManagement.Domain\Noxy.NET.EntityManagement.Domain.csproj", "{6CCC38FC-092D-0FE7-390B-2B4A670AEAAB}"
EndProject
Project("{FAE04EC0-301F-11D3-BF4B-00C04F79EFBC}") = "Noxy.NET.EntityManagement.Frontend", "Noxy.NET.EntityManagement\Noxy.NET.EntityManagement.Frontend\Noxy.NET.EntityManagement.Frontend.csproj", "{99CC18F9-8067-1662-53D5-B53AC993AA4D}"
EndProject
Project("{FAE04EC0-301F-11D3-BF4B-00C04F79EFBC}") = "Noxy.NET.EntityManagement.Persistence", "Noxy.NET.EntityManagement\Noxy.NET.EntityManagement.Persistence\Noxy.NET.EntityManagement.Persistence.csproj", "{78E525D3-3FE4-D843-6B51-DA30DE850FA6}"
EndProject
Project("{FAE04EC0-301F-11D3-BF4B-00C04F79EFBC}") = "Noxy.NET.EntityManagement.Presentation", "Noxy.NET.EntityManagement\Noxy.NET.EntityManagement.Presentation\Noxy.NET.EntityManagement.Presentation.csproj", "{749FEB17-7842-894C-F2D2-D720BF60B1D1}"
EndProject
Global
	GlobalSection(SolutionConfigurationPlatforms) = preSolution
		Debug|Any CPU = Debug|Any CPU
		Release|Any CPU = Release|Any CPU
	EndGlobalSection
	GlobalSection(ProjectConfigurationPlatforms) = postSolution
		{56969925-8231-458F-BD34-C48AA0003664}.Debug|Any CPU.ActiveCfg = Debug|Any CPU
		{56969925-8231-458F-BD34-C48AA0003664}.Debug|Any CPU.Build.0 = Debug|Any CPU
		{56969925-8231-458F-BD34-C48AA0003664}.Release|Any CPU.ActiveCfg = Release|Any CPU
		{56969925-8231-458F-BD34-C48AA0003664}.Release|Any CPU.Build.0 = Release|Any CPU
		{60E73F92-1B59-401A-9B7C-0E04C9292035}.Debug|Any CPU.ActiveCfg = Debug|Any CPU
		{60E73F92-1B59-401A-9B7C-0E04C9292035}.Debug|Any CPU.Build.0 = Debug|Any CPU
		{60E73F92-1B59-401A-9B7C-0E04C9292035}.Release|Any CPU.ActiveCfg = Release|Any CPU
		{60E73F92-1B59-401A-9B7C-0E04C9292035}.Release|Any CPU.Build.0 = Release|Any CPU
		{01D58F18-44D9-497B-B05A-E581F00E515F}.Debug|Any CPU.ActiveCfg = Debug|Any CPU
		{01D58F18-44D9-497B-B05A-E581F00E515F}.Debug|Any CPU.Build.0 = Debug|Any CPU
		{01D58F18-44D9-497B-B05A-E581F00E515F}.Release|Any CPU.ActiveCfg = Release|Any CPU
		{01D58F18-44D9-497B-B05A-E581F00E515F}.Release|Any CPU.Build.0 = Release|Any CPU
		{9CC788DE-6B7A-44C6-A9E4-A89EF6AF2829}.Debug|Any CPU.ActiveCfg = Debug|Any CPU
		{9CC788DE-6B7A-44C6-A9E4-A89EF6AF2829}.Debug|Any CPU.Build.0 = Debug|Any CPU
		{9CC788DE-6B7A-44C6-A9E4-A89EF6AF2829}.Release|Any CPU.ActiveCfg = Release|Any CPU
		{9CC788DE-6B7A-44C6-A9E4-A89EF6AF2829}.Release|Any CPU.Build.0 = Release|Any CPU
		{CDE7C536-5E38-4F2E-B071-5C85F14A0F5A}.Debug|Any CPU.ActiveCfg = Debug|Any CPU
		{CDE7C536-5E38-4F2E-B071-5C85F14A0F5A}.Debug|Any CPU.Build.0 = Debug|Any CPU
		{CDE7C536-5E38-4F2E-B071-5C85F14A0F5A}.Release|Any CPU.ActiveCfg = Release|Any CPU
		{CDE7C536-5E38-4F2E-B071-5C85F14A0F5A}.Release|Any CPU.Build.0 = Release|Any CPU
		{AFED755A-8CC6-4052-B310-0D70BED32DCE}.Debug|Any CPU.ActiveCfg = Debug|Any CPU
		{AFED755A-8CC6-4052-B310-0D70BED32DCE}.Debug|Any CPU.Build.0 = Debug|Any CPU
		{AFED755A-8CC6-4052-B310-0D70BED32DCE}.Release|Any CPU.ActiveCfg = Release|Any CPU
		{AFED755A-8CC6-4052-B310-0D70BED32DCE}.Release|Any CPU.Build.0 = Release|Any CPU
		{DBB3CCD6-435A-442D-ABC8-ACF657F66CC1}.Debug|Any CPU.ActiveCfg = Debug|Any CPU
		{DBB3CCD6-435A-442D-ABC8-ACF657F66CC1}.Debug|Any CPU.Build.0 = Debug|Any CPU
		{DBB3CCD6-435A-442D-ABC8-ACF657F66CC1}.Release|Any CPU.ActiveCfg = Release|Any CPU
		{DBB3CCD6-435A-442D-ABC8-ACF657F66CC1}.Release|Any CPU.Build.0 = Release|Any CPU
		{EA1AE08B-3F71-463F-8F97-9FE12C38ACE0}.Debug|Any CPU.ActiveCfg = Debug|Any CPU
		{EA1AE08B-3F71-463F-8F97-9FE12C38ACE0}.Debug|Any CPU.Build.0 = Debug|Any CPU
		{EA1AE08B-3F71-463F-8F97-9FE12C38ACE0}.Release|Any CPU.ActiveCfg = Release|Any CPU
		{EA1AE08B-3F71-463F-8F97-9FE12C38ACE0}.Release|Any CPU.Build.0 = Release|Any CPU
		{774C0759-369A-433D-BEFA-69B52B630481}.Debug|Any CPU.ActiveCfg = Debug|Any CPU
		{774C0759-369A-433D-BEFA-69B52B630481}.Debug|Any CPU.Build.0 = Debug|Any CPU
		{774C0759-369A-433D-BEFA-69B52B630481}.Release|Any CPU.ActiveCfg = Release|Any CPU
		{774C0759-369A-433D-BEFA-69B52B630481}.Release|Any CPU.Build.0 = Release|Any CPU
		{55EF0154-5C27-4DD1-B296-696DD746A1CE}.Debug|Any CPU.ActiveCfg = Debug|Any CPU
		{55EF0154-5C27-4DD1-B296-696DD746A1CE}.Debug|Any CPU.Build.0 = Debug|Any CPU
		{55EF0154-5C27-4DD1-B296-696DD746A1CE}.Release|Any CPU.ActiveCfg = Release|Any CPU
		{55EF0154-5C27-4DD1-B296-696DD746A1CE}.Release|Any CPU.Build.0 = Release|Any CPU
		{9099B234-E666-471E-925D-11478E59F582}.Debug|Any CPU.ActiveCfg = Debug|Any CPU
		{9099B234-E666-471E-925D-11478E59F582}.Debug|Any CPU.Build.0 = Debug|Any CPU
		{9099B234-E666-471E-925D-11478E59F582}.Release|Any CPU.ActiveCfg = Release|Any CPU
		{9099B234-E666-471E-925D-11478E59F582}.Release|Any CPU.Build.0 = Release|Any CPU
		{E073A6BF-1764-7E82-80BA-21E34ADD7C35}.Debug|Any CPU.ActiveCfg = Debug|Any CPU
		{E073A6BF-1764-7E82-80BA-21E34ADD7C35}.Debug|Any CPU.Build.0 = Debug|Any CPU
		{E073A6BF-1764-7E82-80BA-21E34ADD7C35}.Release|Any CPU.ActiveCfg = Release|Any CPU
		{E073A6BF-1764-7E82-80BA-21E34ADD7C35}.Release|Any CPU.Build.0 = Release|Any CPU
		{315C977C-E398-C677-7878-8D682F8AC186}.Debug|Any CPU.ActiveCfg = Debug|Any CPU
		{315C977C-E398-C677-7878-8D682F8AC186}.Debug|Any CPU.Build.0 = Debug|Any CPU
		{315C977C-E398-C677-7878-8D682F8AC186}.Release|Any CPU.ActiveCfg = Release|Any CPU
		{315C977C-E398-C677-7878-8D682F8AC186}.Release|Any CPU.Build.0 = Release|Any CPU
		{52000860-2769-FC82-19F9-CBBA375564AF}.Debug|Any CPU.ActiveCfg = Debug|Any CPU
		{52000860-2769-FC82-19F9-CBBA375564AF}.Debug|Any CPU.Build.0 = Debug|Any CPU
		{52000860-2769-FC82-19F9-CBBA375564AF}.Release|Any CPU.ActiveCfg = Release|Any CPU
		{52000860-2769-FC82-19F9-CBBA375564AF}.Release|Any CPU.Build.0 = Release|Any CPU
		{6CCC38FC-092D-0FE7-390B-2B4A670AEAAB}.Debug|Any CPU.ActiveCfg = Debug|Any CPU
		{6CCC38FC-092D-0FE7-390B-2B4A670AEAAB}.Debug|Any CPU.Build.0 = Debug|Any CPU
		{6CCC38FC-092D-0FE7-390B-2B4A670AEAAB}.Release|Any CPU.ActiveCfg = Release|Any CPU
		{6CCC38FC-092D-0FE7-390B-2B4A670AEAAB}.Release|Any CPU.Build.0 = Release|Any CPU
		{99CC18F9-8067-1662-53D5-B53AC993AA4D}.Debug|Any CPU.ActiveCfg = Debug|Any CPU
		{99CC18F9-8067-1662-53D5-B53AC993AA4D}.Debug|Any CPU.Build.0 = Debug|Any CPU
		{99CC18F9-8067-1662-53D5-B53AC993AA4D}.Release|Any CPU.ActiveCfg = Release|Any CPU
		{99CC18F9-8067-1662-53D5-B53AC993AA4D}.Release|Any CPU.Build.0 = Release|Any CPU
		{78E525D3-3FE4-D843-6B51-DA30DE850FA6}.Debug|Any CPU.ActiveCfg = Debug|Any CPU
		{78E525D3-3FE4-D843-6B51-DA30DE850FA6}.Debug|Any CPU.Build.0 = Debug|Any CPU
		{78E525D3-3FE4-D843-6B51-DA30DE850FA6}.Release|Any CPU.ActiveCfg = Release|Any CPU
		{78E525D3-3FE4-D843-6B51-DA30DE850FA6}.Release|Any CPU.Build.0 = Release|Any CPU
		{749FEB17-7842-894C-F2D2-D720BF60B1D1}.Debug|Any CPU.ActiveCfg = Debug|Any CPU
		{749FEB17-7842-894C-F2D2-D720BF60B1D1}.Debug|Any CPU.Build.0 = Debug|Any CPU
		{749FEB17-7842-894C-F2D2-D720BF60B1D1}.Release|Any CPU.ActiveCfg = Release|Any CPU
		{749FEB17-7842-894C-F2D2-D720BF60B1D1}.Release|Any CPU.Build.0 = Release|Any CPU
	EndGlobalSection
	GlobalSection(SolutionProperties) = preSolution
		HideSolutionNode = FALSE
	EndGlobalSection
	GlobalSection(NestedProjects) = preSolution
		{60E73F92-1B59-401A-9B7C-0E04C9292035} = {7225C7C5-5628-446B-9AF5-97E7FE3356E3}
		{01D58F18-44D9-497B-B05A-E581F00E515F} = {7225C7C5-5628-446B-9AF5-97E7FE3356E3}
		{9CC788DE-6B7A-44C6-A9E4-A89EF6AF2829} = {7225C7C5-5628-446B-9AF5-97E7FE3356E3}
		{CDE7C536-5E38-4F2E-B071-5C85F14A0F5A} = {7225C7C5-5628-446B-9AF5-97E7FE3356E3}
		{AFED755A-8CC6-4052-B310-0D70BED32DCE} = {7225C7C5-5628-446B-9AF5-97E7FE3356E3}
		{DBB3CCD6-435A-442D-ABC8-ACF657F66CC1} = {7225C7C5-5628-446B-9AF5-97E7FE3356E3}
		{EA1AE08B-3F71-463F-8F97-9FE12C38ACE0} = {7225C7C5-5628-446B-9AF5-97E7FE3356E3}
		{774C0759-369A-433D-BEFA-69B52B630481} = {7225C7C5-5628-446B-9AF5-97E7FE3356E3}
		{55EF0154-5C27-4DD1-B296-696DD746A1CE} = {7225C7C5-5628-446B-9AF5-97E7FE3356E3}
		{9099B234-E666-471E-925D-11478E59F582} = {9CAE45F9-21CA-4791-8D55-E3EFF1D4BC67}
		{E073A6BF-1764-7E82-80BA-21E34ADD7C35} = {30B84005-EAB6-4149-9F8A-CB1D81F37228}
		{315C977C-E398-C677-7878-8D682F8AC186} = {30B84005-EAB6-4149-9F8A-CB1D81F37228}
		{52000860-2769-FC82-19F9-CBBA375564AF} = {30B84005-EAB6-4149-9F8A-CB1D81F37228}
		{6CCC38FC-092D-0FE7-390B-2B4A670AEAAB} = {30B84005-EAB6-4149-9F8A-CB1D81F37228}
		{99CC18F9-8067-1662-53D5-B53AC993AA4D} = {30B84005-EAB6-4149-9F8A-CB1D81F37228}
		{78E525D3-3FE4-D843-6B51-DA30DE850FA6} = {30B84005-EAB6-4149-9F8A-CB1D81F37228}
		{749FEB17-7842-894C-F2D2-D720BF60B1D1} = {30B84005-EAB6-4149-9F8A-CB1D81F37228}
	EndGlobalSection
	GlobalSection(ExtensibilityGlobals) = postSolution
		SolutionGuid = {B114B5EB-0D5D-43A3-8CA4-66193E2ED600}
	EndGlobalSection
EndGlobal
